
Microsoft Visual Studio Solution File, Format Version 12.00
# Visual Studio 15
VisualStudioVersion = 15.0.28307.136
MinimumVisualStudioVersion = 10.0.40219.1
Project("{FAE04EC0-301F-11D3-BF4B-00C04F79EFBC}") = "EmployeeTaskMVC", "EmployeeTaskMVC\EmployeeTaskMVC.csproj", "{AE80842E-6B29-488E-905F-CA41F2AF3BD9}"
EndProject
Project("{FAE04EC0-301F-11D3-BF4B-00C04F79EFBC}") = "EmployeeTaskMVC.Tests", "EmployeeTaskMVC.Tests\EmployeeTaskMVC.Tests.csproj", "{724B1D8B-4C53-4A0D-9FDB-439DEA2787E7}"
EndProject
Global
	GlobalSection(SolutionConfigurationPlatforms) = preSolution
		Debug|Any CPU = Debug|Any CPU
		Release|Any CPU = Release|Any CPU
	EndGlobalSection
	GlobalSection(ProjectConfigurationPlatforms) = postSolution
		{AE80842E-6B29-488E-905F-CA41F2AF3BD9}.Debug|Any CPU.ActiveCfg = Debug|Any CPU
		{AE80842E-6B29-488E-905F-CA41F2AF3BD9}.Debug|Any CPU.Build.0 = Debug|Any CPU
		{AE80842E-6B29-488E-905F-CA41F2AF3BD9}.Release|Any CPU.ActiveCfg = Release|Any CPU
		{AE80842E-6B29-488E-905F-CA41F2AF3BD9}.Release|Any CPU.Build.0 = Release|Any CPU
		{724B1D8B-4C53-4A0D-9FDB-439DEA2787E7}.Debug|Any CPU.ActiveCfg = Debug|Any CPU
		{724B1D8B-4C53-4A0D-9FDB-439DEA2787E7}.Debug|Any CPU.Build.0 = Debug|Any CPU
		{724B1D8B-4C53-4A0D-9FDB-439DEA2787E7}.Release|Any CPU.ActiveCfg = Release|Any CPU
		{724B1D8B-4C53-4A0D-9FDB-439DEA2787E7}.Release|Any CPU.Build.0 = Release|Any CPU
	EndGlobalSection
	GlobalSection(SolutionProperties) = preSolution
		HideSolutionNode = FALSE
	EndGlobalSection
	GlobalSection(ExtensibilityGlobals) = postSolution
		SolutionGuid = {1A13945B-14B6-44F5-970C-F9DC3EC1ADDB}
	EndGlobalSection
EndGlobal
